
Microsoft Visual Studio Solution File, Format Version 12.00
# Visual Studio Express 15 for Windows Desktop
VisualStudioVersion = 15.0.27130.2010
MinimumVisualStudioVersion = 10.0.40219.1
Project("{FAE04EC0-301F-11D3-BF4B-00C04F79EFBC}") = "FirstProgram", "FirstProgram\FirstProgram.csproj", "{D65B0EE4-B16E-4E2D-9060-15C7371C6401}"
EndProject
Global
	GlobalSection(SolutionConfigurationPlatforms) = preSolution
		Debug|Any CPU = Debug|Any CPU
		Release|Any CPU = Release|Any CPU
	EndGlobalSection
	GlobalSection(ProjectConfigurationPlatforms) = postSolution
		{D65B0EE4-B16E-4E2D-9060-15C7371C6401}.Debug|Any CPU.ActiveCfg = Debug|Any CPU
		{D65B0EE4-B16E-4E2D-9060-15C7371C6401}.Debug|Any CPU.Build.0 = Debug|Any CPU
		{D65B0EE4-B16E-4E2D-9060-15C7371C6401}.Release|Any CPU.ActiveCfg = Release|Any CPU
		{D65B0EE4-B16E-4E2D-9060-15C7371C6401}.Release|Any CPU.Build.0 = Release|Any CPU
	EndGlobalSection
	GlobalSection(SolutionProperties) = preSolution
		HideSolutionNode = FALSE
	EndGlobalSection
	GlobalSection(ExtensibilityGlobals) = postSolution
		SolutionGuid = {BA5804D9-BF64-4E7F-86BE-D279A92391E8}
	EndGlobalSection
EndGlobal
